
Microsoft Visual Studio Solution File, Format Version 12.00
# Visual Studio Version 16
VisualStudioVersion = 16.0.30804.86
MinimumVisualStudioVersion = 10.0.40219.1
Project("{9A19103F-16F7-4668-BE54-9A1E7A4F7556}") = "VegunSoft.Schedule.View", "Schedule\VegunSoft.Schedule.View\VegunSoft.Schedule.View.csproj", "{6141FA42-72A5-4E73-8734-6652AFEA77F2}"
EndProject
Project("{2150E333-8FDC-42A3-9474-1A3956D46DE8}") = "Schedule", "Schedule", "{615D1843-3F16-4702-A86B-866E6DDAB224}"
EndProject
Project("{2150E333-8FDC-42A3-9474-1A3956D46DE8}") = "Base", "Base", "{8B456794-72C0-4AE9-90A5-7CDDE2762BB1}"
EndProject
Project("{FAE04EC0-301F-11D3-BF4B-00C04F79EFBC}") = "VegunSoft.Base.View.Dev", "Base\VegunSoft.Base.View.Dev\VegunSoft.Base.View.Dev.csproj", "{5EB17CBA-6387-4ECA-841D-761D6C9F7937}"
EndProject
Project("{FAE04EC0-301F-11D3-BF4B-00C04F79EFBC}") = "VegunSoft.Base.View.Service.Dev", "Base\VegunSoft.Base.View.Service.Dev\VegunSoft.Base.View.Service.Dev.csproj", "{0A33F27D-B2CA-433B-9451-651DDB89785C}"
EndProject
Project("{9A19103F-16F7-4668-BE54-9A1E7A4F7556}") = "VegunSoft.Base.View.Service", "Base\VegunSoft.Base.View.Service\VegunSoft.Base.View.Service.csproj", "{722C537D-652E-4040-A15A-5F0F4144AE7E}"
EndProject
Project("{9A19103F-16F7-4668-BE54-9A1E7A4F7556}") = "VegunSoft.Base.View", "Base\VegunSoft.Base.View\VegunSoft.Base.View.csproj", "{1BFD1736-0FA0-4BFC-8748-8C63BCDBFCCC}"
EndProject
Project("{9A19103F-16F7-4668-BE54-9A1E7A4F7556}") = "VegunSoft.Schedule.View.Model", "Schedule\VegunSoft.Schedule.View.Model\VegunSoft.Schedule.View.Model.csproj", "{C0FF1E46-28D9-444A-AE00-BCE8BBD93A58}"
EndProject
Project("{9A19103F-16F7-4668-BE54-9A1E7A4F7556}") = "VegunSoft.Schedule.View.Model.Provider", "Schedule\VegunSoft.Schedule.View.Model.Provider\VegunSoft.Schedule.View.Model.Provider.csproj", "{326A2A77-AA31-4526-82FE-E15E7C3FE5E4}"
EndProject
Project("{9A19103F-16F7-4668-BE54-9A1E7A4F7556}") = "VegunSoft.Schedule.View.Service", "Schedule\VegunSoft.Schedule.View.Service\VegunSoft.Schedule.View.Service.csproj", "{9DBE8784-3545-4ABD-832E-3FB9C5533E2D}"
EndProject
Project("{FAE04EC0-301F-11D3-BF4B-00C04F79EFBC}") = "VegunSoft.Schedule.View.Service.Provider", "Schedule\VegunSoft.Schedule.View.Service.Provider\VegunSoft.Schedule.View.Service.Provider.csproj", "{FECEF4F2-78C5-4AD7-9C27-C3E1BD0B624A}"
EndProject
Project("{FAE04EC0-301F-11D3-BF4B-00C04F79EFBC}") = "VegunSoft.Schedule.View.Dev", "Schedule\VegunSoft.Schedule.View.Dev\VegunSoft.Schedule.View.Dev.csproj", "{35723BDE-4317-4131-AE5F-A8568AE07AC4}"
EndProject
Project("{2150E333-8FDC-42A3-9474-1A3956D46DE8}") = "Any", "Any", "{D05CA4ED-5D45-4AAD-87E6-CEAD9AE2317F}"
EndProject
Project("{FAE04EC0-301F-11D3-BF4B-00C04F79EFBC}") = "VegunSoft.Any.View.Dev", "Any\VegunSoft.Any.View.Dev\VegunSoft.Any.View.Dev.csproj", "{A460E037-4908-4D1D-A642-25EF4D5D96C2}"
EndProject
Project("{9A19103F-16F7-4668-BE54-9A1E7A4F7556}") = "VegunSoft.Any.View", "Any\VegunSoft.Any.View\VegunSoft.Any.View.csproj", "{4A9B0F42-E312-4218-A21A-01AE95769BC3}"
EndProject
Project("{2150E333-8FDC-42A3-9474-1A3956D46DE8}") = "Customer", "Customer", "{E5C6BBFF-34F6-4542-A8A8-C1263C92D285}"
EndProject
Project("{FAE04EC0-301F-11D3-BF4B-00C04F79EFBC}") = "VegunSoft.Customer.View.Dev", "Customer\VegunSoft.Customer.View.Dev\VegunSoft.Customer.View.Dev.csproj", "{6B330274-D968-4101-95E4-B6B14C693B52}"
EndProject
Project("{FAE04EC0-301F-11D3-BF4B-00C04F79EFBC}") = "VegunSoft.Customer.View", "Customer\VegunSoft.Customer.View\VegunSoft.Customer.View.csproj", "{7B0780D5-7DAC-4190-8841-FDCDA78ADFF9}"
EndProject
Project("{2150E333-8FDC-42A3-9474-1A3956D46DE8}") = "App", "App", "{5FCC78C4-F419-411B-804F-238B56AAB874}"
EndProject
Project("{FAE04EC0-301F-11D3-BF4B-00C04F79EFBC}") = "VegunSoft.App.Icon", "App\VegunSoft.App.Icon\VegunSoft.App.Icon.csproj", "{F9FBCFCC-2308-408E-8967-F0E85692A5B6}"
EndProject
Project("{2150E333-8FDC-42A3-9474-1A3956D46DE8}") = "Order", "Order", "{FE358FBF-287F-4A67-A3E0-60A674C60D66}"
EndProject
Project("{2150E333-8FDC-42A3-9474-1A3956D46DE8}") = "OrderItem", "OrderItem", "{FDD3F903-2DFB-4DE9-94CA-99A75C38D662}"
EndProject
Project("{2150E333-8FDC-42A3-9474-1A3956D46DE8}") = "OrderItemStep", "OrderItemStep", "{398FCB8D-B625-4A97-B7D4-1D2E0935982E}"
EndProject
Project("{FAE04EC0-301F-11D3-BF4B-00C04F79EFBC}") = "VegunSoft.Order.View", "Order\VegunSoft.Order.View\VegunSoft.Order.View.csproj", "{137F6C74-BFF6-4697-ADBC-AA131CDBA7FB}"
EndProject
Project("{FAE04EC0-301F-11D3-BF4B-00C04F79EFBC}") = "VegunSoft.Order.View.Dev", "Order\VegunSoft.Order.View.Dev\VegunSoft.Order.View.Dev.csproj", "{C5CC520A-559E-4AC3-8363-9DDB7ADF293C}"
EndProject
Project("{FAE04EC0-301F-11D3-BF4B-00C04F79EFBC}") = "VegunSoft.OrderItem.View", "OrderItem\VegunSoft.OrderItem.View\VegunSoft.OrderItem.View.csproj", "{2F650C1C-45E8-4A0F-A06C-17E53C66B7FC}"
EndProject
Project("{FAE04EC0-301F-11D3-BF4B-00C04F79EFBC}") = "VegunSoft.OrderItem.View.Dev", "OrderItem\VegunSoft.OrderItem.View.Dev\VegunSoft.OrderItem.View.Dev.csproj", "{C950A16B-2C2A-495B-8EED-AE9131C05AE6}"
EndProject
Project("{FAE04EC0-301F-11D3-BF4B-00C04F79EFBC}") = "VegunSoft.OrderItemStep.View", "OrderItemStep\VegunSoft.OrderItemStep.View\VegunSoft.OrderItemStep.View.csproj", "{33EA90B3-B409-4C1A-8180-ED9EEE9D1253}"
EndProject
Project("{FAE04EC0-301F-11D3-BF4B-00C04F79EFBC}") = "VegunSoft.OrderItemStep.View.Dev", "OrderItemStep\VegunSoft.OrderItemStep.View.Dev\VegunSoft.OrderItemStep.View.Dev.csproj", "{9EA40EBB-603A-4CF1-B818-BED7FFF3E079}"
EndProject
Project("{9A19103F-16F7-4668-BE54-9A1E7A4F7556}") = "VegunSoft.App.View", "App\VegunSoft.App.View\VegunSoft.App.View.csproj", "{0ACA5183-BC75-4C8F-81E2-076F7E2E07F0}"
EndProject
Project("{FAE04EC0-301F-11D3-BF4B-00C04F79EFBC}") = "VegunSoft.App.View.Dev", "App\VegunSoft.App.View.Dev\VegunSoft.App.View.Dev.csproj", "{198C602A-B5E0-497F-B727-92440A7E964C}"
EndProject
Project("{2150E333-8FDC-42A3-9474-1A3956D46DE8}") = "Acc", "Acc", "{3FA0B8AB-9138-4E9E-AC34-75169FA2CDCF}"
EndProject
Project("{9A19103F-16F7-4668-BE54-9A1E7A4F7556}") = "VegunSoft.Acc.View", "Acc\VegunSoft.Acc.View\VegunSoft.Acc.View.csproj", "{EDF7AD1F-C2C5-4D00-A4F8-83694F0E0DB2}"
EndProject
Project("{FAE04EC0-301F-11D3-BF4B-00C04F79EFBC}") = "VegunSoft.Acc.View.Dev", "Acc\VegunSoft.Acc.View.Dev\VegunSoft.Acc.View.Dev.csproj", "{8E63FB6C-4782-461D-A969-74820D51B0BB}"
EndProject
Project("{9A19103F-16F7-4668-BE54-9A1E7A4F7556}") = "VegunSoft.App.View.Service", "App\VegunSoft.App.View.Service\VegunSoft.App.View.Service.csproj", "{97FF8D08-8BBB-4770-BB1A-87CA7B976D58}"
EndProject
Project("{FAE04EC0-301F-11D3-BF4B-00C04F79EFBC}") = "VegunSoft.App.View.Service.Dev", "App\VegunSoft.App.View.Service.Dev\VegunSoft.App.View.Service.Dev.csproj", "{59C1BC40-EE8A-45D9-A7C7-56114A4C72ED}"
EndProject
Global
	GlobalSection(SolutionConfigurationPlatforms) = preSolution
		Debug|Any CPU = Debug|Any CPU
		Release|Any CPU = Release|Any CPU
	EndGlobalSection
	GlobalSection(ProjectConfigurationPlatforms) = postSolution
		{6141FA42-72A5-4E73-8734-6652AFEA77F2}.Debug|Any CPU.ActiveCfg = Debug|Any CPU
		{6141FA42-72A5-4E73-8734-6652AFEA77F2}.Debug|Any CPU.Build.0 = Debug|Any CPU
		{6141FA42-72A5-4E73-8734-6652AFEA77F2}.Release|Any CPU.ActiveCfg = Release|Any CPU
		{6141FA42-72A5-4E73-8734-6652AFEA77F2}.Release|Any CPU.Build.0 = Release|Any CPU
		{5EB17CBA-6387-4ECA-841D-761D6C9F7937}.Debug|Any CPU.ActiveCfg = Debug|Any CPU
		{5EB17CBA-6387-4ECA-841D-761D6C9F7937}.Debug|Any CPU.Build.0 = Debug|Any CPU
		{5EB17CBA-6387-4ECA-841D-761D6C9F7937}.Release|Any CPU.ActiveCfg = Release|Any CPU
		{5EB17CBA-6387-4ECA-841D-761D6C9F7937}.Release|Any CPU.Build.0 = Release|Any CPU
		{0A33F27D-B2CA-433B-9451-651DDB89785C}.Debug|Any CPU.ActiveCfg = Debug|Any CPU
		{0A33F27D-B2CA-433B-9451-651DDB89785C}.Debug|Any CPU.Build.0 = Debug|Any CPU
		{0A33F27D-B2CA-433B-9451-651DDB89785C}.Release|Any CPU.ActiveCfg = Release|Any CPU
		{0A33F27D-B2CA-433B-9451-651DDB89785C}.Release|Any CPU.Build.0 = Release|Any CPU
		{722C537D-652E-4040-A15A-5F0F4144AE7E}.Debug|Any CPU.ActiveCfg = Debug|Any CPU
		{722C537D-652E-4040-A15A-5F0F4144AE7E}.Debug|Any CPU.Build.0 = Debug|Any CPU
		{722C537D-652E-4040-A15A-5F0F4144AE7E}.Release|Any CPU.ActiveCfg = Release|Any CPU
		{722C537D-652E-4040-A15A-5F0F4144AE7E}.Release|Any CPU.Build.0 = Release|Any CPU
		{1BFD1736-0FA0-4BFC-8748-8C63BCDBFCCC}.Debug|Any CPU.ActiveCfg = Debug|Any CPU
		{1BFD1736-0FA0-4BFC-8748-8C63BCDBFCCC}.Debug|Any CPU.Build.0 = Debug|Any CPU
		{1BFD1736-0FA0-4BFC-8748-8C63BCDBFCCC}.Release|Any CPU.ActiveCfg = Release|Any CPU
		{1BFD1736-0FA0-4BFC-8748-8C63BCDBFCCC}.Release|Any CPU.Build.0 = Release|Any CPU
		{C0FF1E46-28D9-444A-AE00-BCE8BBD93A58}.Debug|Any CPU.ActiveCfg = Debug|Any CPU
		{C0FF1E46-28D9-444A-AE00-BCE8BBD93A58}.Debug|Any CPU.Build.0 = Debug|Any CPU
		{C0FF1E46-28D9-444A-AE00-BCE8BBD93A58}.Release|Any CPU.ActiveCfg = Release|Any CPU
		{C0FF1E46-28D9-444A-AE00-BCE8BBD93A58}.Release|Any CPU.Build.0 = Release|Any CPU
		{326A2A77-AA31-4526-82FE-E15E7C3FE5E4}.Debug|Any CPU.ActiveCfg = Debug|Any CPU
		{326A2A77-AA31-4526-82FE-E15E7C3FE5E4}.Debug|Any CPU.Build.0 = Debug|Any CPU
		{326A2A77-AA31-4526-82FE-E15E7C3FE5E4}.Release|Any CPU.ActiveCfg = Release|Any CPU
		{326A2A77-AA31-4526-82FE-E15E7C3FE5E4}.Release|Any CPU.Build.0 = Release|Any CPU
		{9DBE8784-3545-4ABD-832E-3FB9C5533E2D}.Debug|Any CPU.ActiveCfg = Debug|Any CPU
		{9DBE8784-3545-4ABD-832E-3FB9C5533E2D}.Debug|Any CPU.Build.0 = Debug|Any CPU
		{9DBE8784-3545-4ABD-832E-3FB9C5533E2D}.Release|Any CPU.ActiveCfg = Release|Any CPU
		{9DBE8784-3545-4ABD-832E-3FB9C5533E2D}.Release|Any CPU.Build.0 = Release|Any CPU
		{FECEF4F2-78C5-4AD7-9C27-C3E1BD0B624A}.Debug|Any CPU.ActiveCfg = Debug|Any CPU
		{FECEF4F2-78C5-4AD7-9C27-C3E1BD0B624A}.Debug|Any CPU.Build.0 = Debug|Any CPU
		{FECEF4F2-78C5-4AD7-9C27-C3E1BD0B624A}.Release|Any CPU.ActiveCfg = Release|Any CPU
		{FECEF4F2-78C5-4AD7-9C27-C3E1BD0B624A}.Release|Any CPU.Build.0 = Release|Any CPU
		{35723BDE-4317-4131-AE5F-A8568AE07AC4}.Debug|Any CPU.ActiveCfg = Debug|Any CPU
		{35723BDE-4317-4131-AE5F-A8568AE07AC4}.Debug|Any CPU.Build.0 = Debug|Any CPU
		{35723BDE-4317-4131-AE5F-A8568AE07AC4}.Release|Any CPU.ActiveCfg = Release|Any CPU
		{35723BDE-4317-4131-AE5F-A8568AE07AC4}.Release|Any CPU.Build.0 = Release|Any CPU
		{A460E037-4908-4D1D-A642-25EF4D5D96C2}.Debug|Any CPU.ActiveCfg = Debug|Any CPU
		{A460E037-4908-4D1D-A642-25EF4D5D96C2}.Debug|Any CPU.Build.0 = Debug|Any CPU
		{A460E037-4908-4D1D-A642-25EF4D5D96C2}.Release|Any CPU.ActiveCfg = Release|Any CPU
		{A460E037-4908-4D1D-A642-25EF4D5D96C2}.Release|Any CPU.Build.0 = Release|Any CPU
		{4A9B0F42-E312-4218-A21A-01AE95769BC3}.Debug|Any CPU.ActiveCfg = Debug|Any CPU
		{4A9B0F42-E312-4218-A21A-01AE95769BC3}.Debug|Any CPU.Build.0 = Debug|Any CPU
		{4A9B0F42-E312-4218-A21A-01AE95769BC3}.Release|Any CPU.ActiveCfg = Release|Any CPU
		{4A9B0F42-E312-4218-A21A-01AE95769BC3}.Release|Any CPU.Build.0 = Release|Any CPU
		{6B330274-D968-4101-95E4-B6B14C693B52}.Debug|Any CPU.ActiveCfg = Debug|Any CPU
		{6B330274-D968-4101-95E4-B6B14C693B52}.Debug|Any CPU.Build.0 = Debug|Any CPU
		{6B330274-D968-4101-95E4-B6B14C693B52}.Release|Any CPU.ActiveCfg = Release|Any CPU
		{6B330274-D968-4101-95E4-B6B14C693B52}.Release|Any CPU.Build.0 = Release|Any CPU
		{7B0780D5-7DAC-4190-8841-FDCDA78ADFF9}.Debug|Any CPU.ActiveCfg = Debug|Any CPU
		{7B0780D5-7DAC-4190-8841-FDCDA78ADFF9}.Debug|Any CPU.Build.0 = Debug|Any CPU
		{7B0780D5-7DAC-4190-8841-FDCDA78ADFF9}.Release|Any CPU.ActiveCfg = Release|Any CPU
		{7B0780D5-7DAC-4190-8841-FDCDA78ADFF9}.Release|Any CPU.Build.0 = Release|Any CPU
		{F9FBCFCC-2308-408E-8967-F0E85692A5B6}.Debug|Any CPU.ActiveCfg = Debug|Any CPU
		{F9FBCFCC-2308-408E-8967-F0E85692A5B6}.Debug|Any CPU.Build.0 = Debug|Any CPU
		{F9FBCFCC-2308-408E-8967-F0E85692A5B6}.Release|Any CPU.ActiveCfg = Release|Any CPU
		{F9FBCFCC-2308-408E-8967-F0E85692A5B6}.Release|Any CPU.Build.0 = Release|Any CPU
		{137F6C74-BFF6-4697-ADBC-AA131CDBA7FB}.Debug|Any CPU.ActiveCfg = Debug|Any CPU
		{137F6C74-BFF6-4697-ADBC-AA131CDBA7FB}.Debug|Any CPU.Build.0 = Debug|Any CPU
		{137F6C74-BFF6-4697-ADBC-AA131CDBA7FB}.Release|Any CPU.ActiveCfg = Release|Any CPU
		{137F6C74-BFF6-4697-ADBC-AA131CDBA7FB}.Release|Any CPU.Build.0 = Release|Any CPU
		{C5CC520A-559E-4AC3-8363-9DDB7ADF293C}.Debug|Any CPU.ActiveCfg = Debug|Any CPU
		{C5CC520A-559E-4AC3-8363-9DDB7ADF293C}.Debug|Any CPU.Build.0 = Debug|Any CPU
		{C5CC520A-559E-4AC3-8363-9DDB7ADF293C}.Release|Any CPU.ActiveCfg = Release|Any CPU
		{C5CC520A-559E-4AC3-8363-9DDB7ADF293C}.Release|Any CPU.Build.0 = Release|Any CPU
		{2F650C1C-45E8-4A0F-A06C-17E53C66B7FC}.Debug|Any CPU.ActiveCfg = Debug|Any CPU
		{2F650C1C-45E8-4A0F-A06C-17E53C66B7FC}.Debug|Any CPU.Build.0 = Debug|Any CPU
		{2F650C1C-45E8-4A0F-A06C-17E53C66B7FC}.Release|Any CPU.ActiveCfg = Release|Any CPU
		{2F650C1C-45E8-4A0F-A06C-17E53C66B7FC}.Release|Any CPU.Build.0 = Release|Any CPU
		{C950A16B-2C2A-495B-8EED-AE9131C05AE6}.Debug|Any CPU.ActiveCfg = Debug|Any CPU
		{C950A16B-2C2A-495B-8EED-AE9131C05AE6}.Debug|Any CPU.Build.0 = Debug|Any CPU
		{C950A16B-2C2A-495B-8EED-AE9131C05AE6}.Release|Any CPU.ActiveCfg = Release|Any CPU
		{C950A16B-2C2A-495B-8EED-AE9131C05AE6}.Release|Any CPU.Build.0 = Release|Any CPU
		{33EA90B3-B409-4C1A-8180-ED9EEE9D1253}.Debug|Any CPU.ActiveCfg = Debug|Any CPU
		{33EA90B3-B409-4C1A-8180-ED9EEE9D1253}.Debug|Any CPU.Build.0 = Debug|Any CPU
		{33EA90B3-B409-4C1A-8180-ED9EEE9D1253}.Release|Any CPU.ActiveCfg = Release|Any CPU
		{33EA90B3-B409-4C1A-8180-ED9EEE9D1253}.Release|Any CPU.Build.0 = Release|Any CPU
		{9EA40EBB-603A-4CF1-B818-BED7FFF3E079}.Debug|Any CPU.ActiveCfg = Debug|Any CPU
		{9EA40EBB-603A-4CF1-B818-BED7FFF3E079}.Debug|Any CPU.Build.0 = Debug|Any CPU
		{9EA40EBB-603A-4CF1-B818-BED7FFF3E079}.Release|Any CPU.ActiveCfg = Release|Any CPU
		{9EA40EBB-603A-4CF1-B818-BED7FFF3E079}.Release|Any CPU.Build.0 = Release|Any CPU
		{0ACA5183-BC75-4C8F-81E2-076F7E2E07F0}.Debug|Any CPU.ActiveCfg = Debug|Any CPU
		{0ACA5183-BC75-4C8F-81E2-076F7E2E07F0}.Debug|Any CPU.Build.0 = Debug|Any CPU
		{0ACA5183-BC75-4C8F-81E2-076F7E2E07F0}.Release|Any CPU.ActiveCfg = Release|Any CPU
		{0ACA5183-BC75-4C8F-81E2-076F7E2E07F0}.Release|Any CPU.Build.0 = Release|Any CPU
		{198C602A-B5E0-497F-B727-92440A7E964C}.Debug|Any CPU.ActiveCfg = Debug|Any CPU
		{198C602A-B5E0-497F-B727-92440A7E964C}.Debug|Any CPU.Build.0 = Debug|Any CPU
		{198C602A-B5E0-497F-B727-92440A7E964C}.Release|Any CPU.ActiveCfg = Release|Any CPU
		{198C602A-B5E0-497F-B727-92440A7E964C}.Release|Any CPU.Build.0 = Release|Any CPU
		{EDF7AD1F-C2C5-4D00-A4F8-83694F0E0DB2}.Debug|Any CPU.ActiveCfg = Debug|Any CPU
		{EDF7AD1F-C2C5-4D00-A4F8-83694F0E0DB2}.Debug|Any CPU.Build.0 = Debug|Any CPU
		{EDF7AD1F-C2C5-4D00-A4F8-83694F0E0DB2}.Release|Any CPU.ActiveCfg = Release|Any CPU
		{EDF7AD1F-C2C5-4D00-A4F8-83694F0E0DB2}.Release|Any CPU.Build.0 = Release|Any CPU
		{8E63FB6C-4782-461D-A969-74820D51B0BB}.Debug|Any CPU.ActiveCfg = Debug|Any CPU
		{8E63FB6C-4782-461D-A969-74820D51B0BB}.Debug|Any CPU.Build.0 = Debug|Any CPU
		{8E63FB6C-4782-461D-A969-74820D51B0BB}.Release|Any CPU.ActiveCfg = Release|Any CPU
		{8E63FB6C-4782-461D-A969-74820D51B0BB}.Release|Any CPU.Build.0 = Release|Any CPU
		{97FF8D08-8BBB-4770-BB1A-87CA7B976D58}.Debug|Any CPU.ActiveCfg = Debug|Any CPU
		{97FF8D08-8BBB-4770-BB1A-87CA7B976D58}.Debug|Any CPU.Build.0 = Debug|Any CPU
		{97FF8D08-8BBB-4770-BB1A-87CA7B976D58}.Release|Any CPU.ActiveCfg = Release|Any CPU
		{97FF8D08-8BBB-4770-BB1A-87CA7B976D58}.Release|Any CPU.Build.0 = Release|Any CPU
		{59C1BC40-EE8A-45D9-A7C7-56114A4C72ED}.Debug|Any CPU.ActiveCfg = Debug|Any CPU
		{59C1BC40-EE8A-45D9-A7C7-56114A4C72ED}.Debug|Any CPU.Build.0 = Debug|Any CPU
		{59C1BC40-EE8A-45D9-A7C7-56114A4C72ED}.Release|Any CPU.ActiveCfg = Release|Any CPU
		{59C1BC40-EE8A-45D9-A7C7-56114A4C72ED}.Release|Any CPU.Build.0 = Release|Any CPU
	EndGlobalSection
	GlobalSection(SolutionProperties) = preSolution
		HideSolutionNode = FALSE
	EndGlobalSection
	GlobalSection(NestedProjects) = preSolution
		{6141FA42-72A5-4E73-8734-6652AFEA77F2} = {615D1843-3F16-4702-A86B-866E6DDAB224}
		{5EB17CBA-6387-4ECA-841D-761D6C9F7937} = {8B456794-72C0-4AE9-90A5-7CDDE2762BB1}
		{0A33F27D-B2CA-433B-9451-651DDB89785C} = {8B456794-72C0-4AE9-90A5-7CDDE2762BB1}
		{722C537D-652E-4040-A15A-5F0F4144AE7E} = {8B456794-72C0-4AE9-90A5-7CDDE2762BB1}
		{1BFD1736-0FA0-4BFC-8748-8C63BCDBFCCC} = {8B456794-72C0-4AE9-90A5-7CDDE2762BB1}
		{C0FF1E46-28D9-444A-AE00-BCE8BBD93A58} = {615D1843-3F16-4702-A86B-866E6DDAB224}
		{326A2A77-AA31-4526-82FE-E15E7C3FE5E4} = {615D1843-3F16-4702-A86B-866E6DDAB224}
		{9DBE8784-3545-4ABD-832E-3FB9C5533E2D} = {615D1843-3F16-4702-A86B-866E6DDAB224}
		{FECEF4F2-78C5-4AD7-9C27-C3E1BD0B624A} = {615D1843-3F16-4702-A86B-866E6DDAB224}
		{35723BDE-4317-4131-AE5F-A8568AE07AC4} = {615D1843-3F16-4702-A86B-866E6DDAB224}
		{A460E037-4908-4D1D-A642-25EF4D5D96C2} = {D05CA4ED-5D45-4AAD-87E6-CEAD9AE2317F}
		{4A9B0F42-E312-4218-A21A-01AE95769BC3} = {D05CA4ED-5D45-4AAD-87E6-CEAD9AE2317F}
		{6B330274-D968-4101-95E4-B6B14C693B52} = {E5C6BBFF-34F6-4542-A8A8-C1263C92D285}
		{7B0780D5-7DAC-4190-8841-FDCDA78ADFF9} = {E5C6BBFF-34F6-4542-A8A8-C1263C92D285}
		{F9FBCFCC-2308-408E-8967-F0E85692A5B6} = {5FCC78C4-F419-411B-804F-238B56AAB874}
		{137F6C74-BFF6-4697-ADBC-AA131CDBA7FB} = {FE358FBF-287F-4A67-A3E0-60A674C60D66}
		{C5CC520A-559E-4AC3-8363-9DDB7ADF293C} = {FE358FBF-287F-4A67-A3E0-60A674C60D66}
		{2F650C1C-45E8-4A0F-A06C-17E53C66B7FC} = {FDD3F903-2DFB-4DE9-94CA-99A75C38D662}
		{C950A16B-2C2A-495B-8EED-AE9131C05AE6} = {FDD3F903-2DFB-4DE9-94CA-99A75C38D662}
		{33EA90B3-B409-4C1A-8180-ED9EEE9D1253} = {398FCB8D-B625-4A97-B7D4-1D2E0935982E}
		{9EA40EBB-603A-4CF1-B818-BED7FFF3E079} = {398FCB8D-B625-4A97-B7D4-1D2E0935982E}
		{0ACA5183-BC75-4C8F-81E2-076F7E2E07F0} = {5FCC78C4-F419-411B-804F-238B56AAB874}
		{198C602A-B5E0-497F-B727-92440A7E964C} = {5FCC78C4-F419-411B-804F-238B56AAB874}
		{EDF7AD1F-C2C5-4D00-A4F8-83694F0E0DB2} = {3FA0B8AB-9138-4E9E-AC34-75169FA2CDCF}
		{8E63FB6C-4782-461D-A969-74820D51B0BB} = {3FA0B8AB-9138-4E9E-AC34-75169FA2CDCF}
		{97FF8D08-8BBB-4770-BB1A-87CA7B976D58} = {5FCC78C4-F419-411B-804F-238B56AAB874}
		{59C1BC40-EE8A-45D9-A7C7-56114A4C72ED} = {5FCC78C4-F419-411B-804F-238B56AAB874}
	EndGlobalSection
	GlobalSection(ExtensibilityGlobals) = postSolution
		SolutionGuid = {3DD02992-0FDA-4208-BACA-6F4974F7CA98}
	EndGlobalSection
EndGlobal
